// !$*UTF8*$!
{
	archiveVersion = 1;
	classes = {
	};
	objectVersion = 55;
	objects = {

/* Begin PBXBuildFile section */
		1C3EE9EC284CF4AE0079814D /* FeedStoreSpy.swift in Sources */ = {isa = PBXBuildFile; fileRef = 1C3EE9EB284CF4AE0079814D /* FeedStoreSpy.swift */; };
		1C3EE9EE284CF4C30079814D /* LoadFeedFromCacheUseCaseTests.swift in Sources */ = {isa = PBXBuildFile; fileRef = 1C3EE9ED284CF4C30079814D /* LoadFeedFromCacheUseCaseTests.swift */; };
		1C61F11227E1D52500E2F9B4 /* URLSessionHTTPClient.swift in Sources */ = {isa = PBXBuildFile; fileRef = 1C61F11127E1D52500E2F9B4 /* URLSessionHTTPClient.swift */; };
		1C61F11A27E1F67900E2F9B4 /* EssentialFeedAPIEndToEndTests.swift in Sources */ = {isa = PBXBuildFile; fileRef = 1C61F11927E1F67900E2F9B4 /* EssentialFeedAPIEndToEndTests.swift */; };
		1C61F11B27E1F67900E2F9B4 /* EssentialFeed.framework in Frameworks */ = {isa = PBXBuildFile; fileRef = BD8093AD27D8B52400246C6A /* EssentialFeed.framework */; };
		1C61F12227E20E4F00E2F9B4 /* XCTestCase+MemoryTracker.swift in Sources */ = {isa = PBXBuildFile; fileRef = BD8093E027D90AC900246C6A /* XCTestCase+MemoryTracker.swift */; };
		1C855812283D3046002AD32A /* LoadFeedFromRemoteUseCaseTests.swift in Sources */ = {isa = PBXBuildFile; fileRef = 1C855811283D3046002AD32A /* LoadFeedFromRemoteUseCaseTests.swift */; };
		1C855815283D31A1002AD32A /* CacheFeedUseCaseTests.swift in Sources */ = {isa = PBXBuildFile; fileRef = 1C855814283D31A1002AD32A /* CacheFeedUseCaseTests.swift */; };
		1C8558182843C505002AD32A /* LocalFeedLoader.swift in Sources */ = {isa = PBXBuildFile; fileRef = 1C8558172843C505002AD32A /* LocalFeedLoader.swift */; };
		1C85581A2843C580002AD32A /* FeedStore.swift in Sources */ = {isa = PBXBuildFile; fileRef = 1C8558192843C580002AD32A /* FeedStore.swift */; };
		1CA7DDDA2AC5907800CEB746 /* ValidateFeedCacheUseCaseTests.swift in Sources */ = {isa = PBXBuildFile; fileRef = 1CA7DDD92AC5907800CEB746 /* ValidateFeedCacheUseCaseTests.swift */; };
		1CA7DDDC2AC824EC00CEB746 /* FeedCacheTestHelper.swift in Sources */ = {isa = PBXBuildFile; fileRef = 1CA7DDDB2AC824EC00CEB746 /* FeedCacheTestHelper.swift */; };
		1CA7DDDE2AC826EB00CEB746 /* SharedTestHelpers.swift in Sources */ = {isa = PBXBuildFile; fileRef = 1CA7DDDD2AC826EB00CEB746 /* SharedTestHelpers.swift */; };
		1CA7DDE02AC8616600CEB746 /* FeedCachePolicy.swift in Sources */ = {isa = PBXBuildFile; fileRef = 1CA7DDDF2AC8616600CEB746 /* FeedCachePolicy.swift */; };
		1CB2463A284CAF93001A036A /* LocalFeedImage.swift in Sources */ = {isa = PBXBuildFile; fileRef = 1CB24639284CAF93001A036A /* LocalFeedImage.swift */; };
		1CB2463C284CB39F001A036A /* RemoteFeedItem.swift in Sources */ = {isa = PBXBuildFile; fileRef = 1CB2463B284CB39F001A036A /* RemoteFeedItem.swift */; };
		1CB2463E284CBAAE001A036A /* Architecture_v3.png in Resources */ = {isa = PBXBuildFile; fileRef = 1CB2463D284CBAAE001A036A /* Architecture_v3.png */; };
		1CBAEF2D2AD3D3DE004E2C7F /* CodableFeedStoreTests.swift in Sources */ = {isa = PBXBuildFile; fileRef = 1CBAEF2C2AD3D3DE004E2C7F /* CodableFeedStoreTests.swift */; };
		BD8093B627D8B52500246C6A /* EssentialFeed.framework in Frameworks */ = {isa = PBXBuildFile; fileRef = BD8093AD27D8B52400246C6A /* EssentialFeed.framework */; };
		BD8093D227D8B54B00246C6A /* FeedItemsMapper.swift in Sources */ = {isa = PBXBuildFile; fileRef = BD8093C627D8B54B00246C6A /* FeedItemsMapper.swift */; };
		BD8093D327D8B54B00246C6A /* HTTPClient.swift in Sources */ = {isa = PBXBuildFile; fileRef = BD8093C727D8B54B00246C6A /* HTTPClient.swift */; };
		BD8093D427D8B54B00246C6A /* RemoteFeedLoader.swift in Sources */ = {isa = PBXBuildFile; fileRef = BD8093C827D8B54B00246C6A /* RemoteFeedLoader.swift */; };
		BD8093D527D8B54B00246C6A /* FeedLoader.swift in Sources */ = {isa = PBXBuildFile; fileRef = BD8093CA27D8B54B00246C6A /* FeedLoader.swift */; };
		BD8093D627D8B54B00246C6A /* FeedImage.swift in Sources */ = {isa = PBXBuildFile; fileRef = BD8093CB27D8B54B00246C6A /* FeedImage.swift */; };
		BD8093D827D8B54B00246C6A /* RemoteWithLocalFallbackService_v1.png in Resources */ = {isa = PBXBuildFile; fileRef = BD8093CF27D8B54B00246C6A /* RemoteWithLocalFallbackService_v1.png */; };
		BD8093D927D8B54B00246C6A /* PayloadContract.png in Resources */ = {isa = PBXBuildFile; fileRef = BD8093D127D8B54B00246C6A /* PayloadContract.png */; };
		BD8093DE27D8B55500246C6A /* URLSessionHTTPClientTests.swift in Sources */ = {isa = PBXBuildFile; fileRef = BD8093DC27D8B55500246C6A /* URLSessionHTTPClientTests.swift */; };
		BD8093E127D90AC900246C6A /* XCTestCase+MemoryTracker.swift in Sources */ = {isa = PBXBuildFile; fileRef = BD8093E027D90AC900246C6A /* XCTestCase+MemoryTracker.swift */; };
/* End PBXBuildFile section */

/* Begin PBXContainerItemProxy section */
		1C61F11C27E1F67900E2F9B4 /* PBXContainerItemProxy */ = {
			isa = PBXContainerItemProxy;
			containerPortal = BD8093A427D8B52400246C6A /* Project object */;
			proxyType = 1;
			remoteGlobalIDString = BD8093AC27D8B52400246C6A;
			remoteInfo = EssentialFeed;
		};
		BD8093B727D8B52500246C6A /* PBXContainerItemProxy */ = {
			isa = PBXContainerItemProxy;
			containerPortal = BD8093A427D8B52400246C6A /* Project object */;
			proxyType = 1;
			remoteGlobalIDString = BD8093AC27D8B52400246C6A;
			remoteInfo = EssentialFeed;
		};
/* End PBXContainerItemProxy section */

/* Begin PBXFileReference section */
		1C3EE9EB284CF4AE0079814D /* FeedStoreSpy.swift */ = {isa = PBXFileReference; lastKnownFileType = sourcecode.swift; path = FeedStoreSpy.swift; sourceTree = "<group>"; };
		1C3EE9ED284CF4C30079814D /* LoadFeedFromCacheUseCaseTests.swift */ = {isa = PBXFileReference; lastKnownFileType = sourcecode.swift; path = LoadFeedFromCacheUseCaseTests.swift; sourceTree = "<group>"; };
		1C61F11127E1D52500E2F9B4 /* URLSessionHTTPClient.swift */ = {isa = PBXFileReference; lastKnownFileType = sourcecode.swift; path = URLSessionHTTPClient.swift; sourceTree = "<group>"; };
		1C61F11727E1F67900E2F9B4 /* EssentialFeedAPIEndToEndTests.xctest */ = {isa = PBXFileReference; explicitFileType = wrapper.cfbundle; includeInIndex = 0; path = EssentialFeedAPIEndToEndTests.xctest; sourceTree = BUILT_PRODUCTS_DIR; };
		1C61F11927E1F67900E2F9B4 /* EssentialFeedAPIEndToEndTests.swift */ = {isa = PBXFileReference; lastKnownFileType = sourcecode.swift; path = EssentialFeedAPIEndToEndTests.swift; sourceTree = "<group>"; };
		1C61F12127E1FAC300E2F9B4 /* feed-case-study-test-api-feed.json */ = {isa = PBXFileReference; lastKnownFileType = text.json; path = "feed-case-study-test-api-feed.json"; sourceTree = "<group>"; };
		1C61F12327E2219100E2F9B4 /* RemoteWithLocalFallbackService_v2.png */ = {isa = PBXFileReference; lastKnownFileType = image.png; path = RemoteWithLocalFallbackService_v2.png; sourceTree = "<group>"; };
		1C85580F283D2F9E002AD32A /* cache-feed-use-case.png */ = {isa = PBXFileReference; lastKnownFileType = image.png; name = "cache-feed-use-case.png"; path = "Requirements/cache-feed-use-case.png"; sourceTree = "<group>"; };
		1C855811283D3046002AD32A /* LoadFeedFromRemoteUseCaseTests.swift */ = {isa = PBXFileReference; fileEncoding = 4; lastKnownFileType = sourcecode.swift; path = LoadFeedFromRemoteUseCaseTests.swift; sourceTree = "<group>"; };
		1C855814283D31A1002AD32A /* CacheFeedUseCaseTests.swift */ = {isa = PBXFileReference; fileEncoding = 4; lastKnownFileType = sourcecode.swift; path = CacheFeedUseCaseTests.swift; sourceTree = "<group>"; };
		1C8558172843C505002AD32A /* LocalFeedLoader.swift */ = {isa = PBXFileReference; lastKnownFileType = sourcecode.swift; path = LocalFeedLoader.swift; sourceTree = "<group>"; };
		1C8558192843C580002AD32A /* FeedStore.swift */ = {isa = PBXFileReference; lastKnownFileType = sourcecode.swift; path = FeedStore.swift; sourceTree = "<group>"; };
		1CA7DDD92AC5907800CEB746 /* ValidateFeedCacheUseCaseTests.swift */ = {isa = PBXFileReference; lastKnownFileType = sourcecode.swift; path = ValidateFeedCacheUseCaseTests.swift; sourceTree = "<group>"; };
		1CA7DDDB2AC824EC00CEB746 /* FeedCacheTestHelper.swift */ = {isa = PBXFileReference; lastKnownFileType = sourcecode.swift; path = FeedCacheTestHelper.swift; sourceTree = "<group>"; };
		1CA7DDDD2AC826EB00CEB746 /* SharedTestHelpers.swift */ = {isa = PBXFileReference; lastKnownFileType = sourcecode.swift; path = SharedTestHelpers.swift; sourceTree = "<group>"; };
		1CA7DDDF2AC8616600CEB746 /* FeedCachePolicy.swift */ = {isa = PBXFileReference; lastKnownFileType = sourcecode.swift; path = FeedCachePolicy.swift; sourceTree = "<group>"; };
		1CA7DDE12AC97CDC00CEB746 /* Architecture_v4.png */ = {isa = PBXFileReference; lastKnownFileType = image.png; path = Architecture_v4.png; sourceTree = "<group>"; };
		1CB24639284CAF93001A036A /* LocalFeedImage.swift */ = {isa = PBXFileReference; lastKnownFileType = sourcecode.swift; path = LocalFeedImage.swift; sourceTree = "<group>"; };
		1CB2463B284CB39F001A036A /* RemoteFeedItem.swift */ = {isa = PBXFileReference; lastKnownFileType = sourcecode.swift; path = RemoteFeedItem.swift; sourceTree = "<group>"; };
		1CB2463D284CBAAE001A036A /* Architecture_v3.png */ = {isa = PBXFileReference; lastKnownFileType = image.png; path = Architecture_v3.png; sourceTree = "<group>"; };
		1CBAEF2C2AD3D3DE004E2C7F /* CodableFeedStoreTests.swift */ = {isa = PBXFileReference; lastKnownFileType = sourcecode.swift; path = CodableFeedStoreTests.swift; sourceTree = "<group>"; };
		1CBAEF2E2AD5B392004E2C7F /* Feed Store Use Cases.png */ = {isa = PBXFileReference; lastKnownFileType = image.png; path = "Feed Store Use Cases.png"; sourceTree = "<group>"; };
		BD8093AD27D8B52400246C6A /* EssentialFeed.framework */ = {isa = PBXFileReference; explicitFileType = wrapper.framework; includeInIndex = 0; path = EssentialFeed.framework; sourceTree = BUILT_PRODUCTS_DIR; };
		BD8093B527D8B52500246C6A /* EssentialFeedTests.xctest */ = {isa = PBXFileReference; explicitFileType = wrapper.cfbundle; includeInIndex = 0; path = EssentialFeedTests.xctest; sourceTree = BUILT_PRODUCTS_DIR; };
		BD8093C627D8B54B00246C6A /* FeedItemsMapper.swift */ = {isa = PBXFileReference; fileEncoding = 4; lastKnownFileType = sourcecode.swift; path = FeedItemsMapper.swift; sourceTree = "<group>"; };
		BD8093C727D8B54B00246C6A /* HTTPClient.swift */ = {isa = PBXFileReference; fileEncoding = 4; lastKnownFileType = sourcecode.swift; path = HTTPClient.swift; sourceTree = "<group>"; };
		BD8093C827D8B54B00246C6A /* RemoteFeedLoader.swift */ = {isa = PBXFileReference; fileEncoding = 4; lastKnownFileType = sourcecode.swift; path = RemoteFeedLoader.swift; sourceTree = "<group>"; };
		BD8093CA27D8B54B00246C6A /* FeedLoader.swift */ = {isa = PBXFileReference; fileEncoding = 4; lastKnownFileType = sourcecode.swift; path = FeedLoader.swift; sourceTree = "<group>"; };
		BD8093CB27D8B54B00246C6A /* FeedImage.swift */ = {isa = PBXFileReference; fileEncoding = 4; lastKnownFileType = sourcecode.swift; path = FeedImage.swift; sourceTree = "<group>"; };
		BD8093CF27D8B54B00246C6A /* RemoteWithLocalFallbackService_v1.png */ = {isa = PBXFileReference; lastKnownFileType = image.png; path = RemoteWithLocalFallbackService_v1.png; sourceTree = "<group>"; };
		BD8093D127D8B54B00246C6A /* PayloadContract.png */ = {isa = PBXFileReference; lastKnownFileType = image.png; path = PayloadContract.png; sourceTree = "<group>"; };
		BD8093DC27D8B55500246C6A /* URLSessionHTTPClientTests.swift */ = {isa = PBXFileReference; fileEncoding = 4; lastKnownFileType = sourcecode.swift; path = URLSessionHTTPClientTests.swift; sourceTree = "<group>"; };
		BD8093E027D90AC900246C6A /* XCTestCase+MemoryTracker.swift */ = {isa = PBXFileReference; lastKnownFileType = sourcecode.swift; path = "XCTestCase+MemoryTracker.swift"; sourceTree = "<group>"; };
		BD8093E327D90EF000246C6A /* HTTP Response Cases.png */ = {isa = PBXFileReference; lastKnownFileType = image.png; path = "HTTP Response Cases.png"; sourceTree = "<group>"; };
/* End PBXFileReference section */

/* Begin PBXFrameworksBuildPhase section */
		1C61F11427E1F67900E2F9B4 /* Frameworks */ = {
			isa = PBXFrameworksBuildPhase;
			buildActionMask = 2147483647;
			files = (
				1C61F11B27E1F67900E2F9B4 /* EssentialFeed.framework in Frameworks */,
			);
			runOnlyForDeploymentPostprocessing = 0;
		};
		BD8093AA27D8B52400246C6A /* Frameworks */ = {
			isa = PBXFrameworksBuildPhase;
			buildActionMask = 2147483647;
			files = (
			);
			runOnlyForDeploymentPostprocessing = 0;
		};
		BD8093B227D8B52500246C6A /* Frameworks */ = {
			isa = PBXFrameworksBuildPhase;
			buildActionMask = 2147483647;
			files = (
				BD8093B627D8B52500246C6A /* EssentialFeed.framework in Frameworks */,
			);
			runOnlyForDeploymentPostprocessing = 0;
		};
/* End PBXFrameworksBuildPhase section */

/* Begin PBXGroup section */
		1C3EE9EA284CF49D0079814D /* Helper */ = {
			isa = PBXGroup;
			children = (
				1C3EE9EB284CF4AE0079814D /* FeedStoreSpy.swift */,
				1CA7DDDB2AC824EC00CEB746 /* FeedCacheTestHelper.swift */,
			);
			path = Helper;
			sourceTree = "<group>";
		};
		1C61F11827E1F67900E2F9B4 /* EssentialFeedAPIEndToEndTests */ = {
			isa = PBXGroup;
			children = (
				1C61F11927E1F67900E2F9B4 /* EssentialFeedAPIEndToEndTests.swift */,
			);
			path = EssentialFeedAPIEndToEndTests;
			sourceTree = "<group>";
		};
		1C855813283D31A1002AD32A /* Feed Cache */ = {
			isa = PBXGroup;
			children = (
				1C3EE9EA284CF49D0079814D /* Helper */,
				1C855814283D31A1002AD32A /* CacheFeedUseCaseTests.swift */,
				1C3EE9ED284CF4C30079814D /* LoadFeedFromCacheUseCaseTests.swift */,
				1CA7DDD92AC5907800CEB746 /* ValidateFeedCacheUseCaseTests.swift */,
			);
			path = "Feed Cache";
			sourceTree = "<group>";
		};
		1C8558162843C4EE002AD32A /* Feed Cache */ = {
			isa = PBXGroup;
			children = (
				1C8558192843C580002AD32A /* FeedStore.swift */,
				1C8558172843C505002AD32A /* LocalFeedLoader.swift */,
				1CB24639284CAF93001A036A /* LocalFeedImage.swift */,
				1CA7DDDF2AC8616600CEB746 /* FeedCachePolicy.swift */,
			);
			path = "Feed Cache";
			sourceTree = "<group>";
		};
		BD8093A327D8B52400246C6A = {
			isa = PBXGroup;
			children = (
				BD8093AF27D8B52400246C6A /* EssentialFeed */,
				BD8093B927D8B52500246C6A /* EssentialFeedTests */,
				1C61F11827E1F67900E2F9B4 /* EssentialFeedAPIEndToEndTests */,
				BD8093AE27D8B52400246C6A /* Products */,
			);
			sourceTree = "<group>";
		};
		BD8093AE27D8B52400246C6A /* Products */ = {
			isa = PBXGroup;
			children = (
				BD8093AD27D8B52400246C6A /* EssentialFeed.framework */,
				BD8093B527D8B52500246C6A /* EssentialFeedTests.xctest */,
				1C61F11727E1F67900E2F9B4 /* EssentialFeedAPIEndToEndTests.xctest */,
			);
			name = Products;
			sourceTree = "<group>";
		};
		BD8093AF27D8B52400246C6A /* EssentialFeed */ = {
			isa = PBXGroup;
			children = (
				1C8558162843C4EE002AD32A /* Feed Cache */,
				BD8093C527D8B54B00246C6A /* Feed API */,
				BD8093C927D8B54B00246C6A /* Feed Feature */,
				BD8093CC27D8B54B00246C6A /* UML */,
			);
			path = EssentialFeed;
			sourceTree = "<group>";
		};
		BD8093B927D8B52500246C6A /* EssentialFeedTests */ = {
			isa = PBXGroup;
			children = (
				BD8093DF27D90A8D00246C6A /* Helper */,
				1C855813283D31A1002AD32A /* Feed Cache */,
				BD8093DA27D8B55500246C6A /* Feed API */,
				1CBAEF2C2AD3D3DE004E2C7F /* CodableFeedStoreTests.swift */,
			);
			path = EssentialFeedTests;
			sourceTree = "<group>";
		};
		BD8093C527D8B54B00246C6A /* Feed API */ = {
			isa = PBXGroup;
			children = (
				BD8093C627D8B54B00246C6A /* FeedItemsMapper.swift */,
				BD8093C727D8B54B00246C6A /* HTTPClient.swift */,
				BD8093C827D8B54B00246C6A /* RemoteFeedLoader.swift */,
				1C61F11127E1D52500E2F9B4 /* URLSessionHTTPClient.swift */,
				1CB2463B284CB39F001A036A /* RemoteFeedItem.swift */,
			);
			path = "Feed API";
			sourceTree = "<group>";
		};
		BD8093C927D8B54B00246C6A /* Feed Feature */ = {
			isa = PBXGroup;
			children = (
				BD8093CA27D8B54B00246C6A /* FeedLoader.swift */,
				BD8093CB27D8B54B00246C6A /* FeedImage.swift */,
			);
			path = "Feed Feature";
			sourceTree = "<group>";
		};
		BD8093CC27D8B54B00246C6A /* UML */ = {
			isa = PBXGroup;
			children = (
				1CBAEF2E2AD5B392004E2C7F /* Feed Store Use Cases.png */,
				1C85580F283D2F9E002AD32A /* cache-feed-use-case.png */,
				BD8093E227D90E9E00246C6A /* HTTP Response Cases */,
				BD8093CD27D8B54B00246C6A /* UML */,
				BD8093D027D8B54B00246C6A /* PayloadContract-JSON */,
			);
			path = UML;
			sourceTree = "<group>";
		};
		BD8093CD27D8B54B00246C6A /* UML */ = {
			isa = PBXGroup;
			children = (
				1CA7DDE12AC97CDC00CEB746 /* Architecture_v4.png */,
				1CB2463D284CBAAE001A036A /* Architecture_v3.png */,
				1C61F12327E2219100E2F9B4 /* RemoteWithLocalFallbackService_v2.png */,
				BD8093CF27D8B54B00246C6A /* RemoteWithLocalFallbackService_v1.png */,
			);
			path = UML;
			sourceTree = "<group>";
		};
		BD8093D027D8B54B00246C6A /* PayloadContract-JSON */ = {
			isa = PBXGroup;
			children = (
				1C61F12127E1FAC300E2F9B4 /* feed-case-study-test-api-feed.json */,
				BD8093D127D8B54B00246C6A /* PayloadContract.png */,
			);
			path = "PayloadContract-JSON";
			sourceTree = "<group>";
		};
		BD8093DA27D8B55500246C6A /* Feed API */ = {
			isa = PBXGroup;
			children = (
				1C855811283D3046002AD32A /* LoadFeedFromRemoteUseCaseTests.swift */,
				BD8093DC27D8B55500246C6A /* URLSessionHTTPClientTests.swift */,
			);
			path = "Feed API";
			sourceTree = "<group>";
		};
		BD8093DF27D90A8D00246C6A /* Helper */ = {
			isa = PBXGroup;
			children = (
				BD8093E027D90AC900246C6A /* XCTestCase+MemoryTracker.swift */,
				1CA7DDDD2AC826EB00CEB746 /* SharedTestHelpers.swift */,
			);
			path = Helper;
			sourceTree = "<group>";
		};
		BD8093E227D90E9E00246C6A /* HTTP Response Cases */ = {
			isa = PBXGroup;
			children = (
				BD8093E327D90EF000246C6A /* HTTP Response Cases.png */,
			);
			path = "HTTP Response Cases";
			sourceTree = "<group>";
		};
/* End PBXGroup section */

/* Begin PBXHeadersBuildPhase section */
		BD8093A827D8B52400246C6A /* Headers */ = {
			isa = PBXHeadersBuildPhase;
			buildActionMask = 2147483647;
			files = (
			);
			runOnlyForDeploymentPostprocessing = 0;
		};
/* End PBXHeadersBuildPhase section */

/* Begin PBXNativeTarget section */
		1C61F11627E1F67900E2F9B4 /* EssentialFeedAPIEndToEndTests */ = {
			isa = PBXNativeTarget;
			buildConfigurationList = 1C61F11E27E1F67900E2F9B4 /* Build configuration list for PBXNativeTarget "EssentialFeedAPIEndToEndTests" */;
			buildPhases = (
				1C61F11327E1F67900E2F9B4 /* Sources */,
				1C61F11427E1F67900E2F9B4 /* Frameworks */,
				1C61F11527E1F67900E2F9B4 /* Resources */,
				1C3EE9E7284CD35A0079814D /* ShellScript */,
			);
			buildRules = (
			);
			dependencies = (
				1C61F11D27E1F67900E2F9B4 /* PBXTargetDependency */,
			);
			name = EssentialFeedAPIEndToEndTests;
			productName = EssentialFeedAPIEndToEndTests;
			productReference = 1C61F11727E1F67900E2F9B4 /* EssentialFeedAPIEndToEndTests.xctest */;
			productType = "com.apple.product-type.bundle.unit-test";
		};
		BD8093AC27D8B52400246C6A /* EssentialFeed */ = {
			isa = PBXNativeTarget;
			buildConfigurationList = BD8093BF27D8B52500246C6A /* Build configuration list for PBXNativeTarget "EssentialFeed" */;
			buildPhases = (
				BD8093A827D8B52400246C6A /* Headers */,
				BD8093A927D8B52400246C6A /* Sources */,
				BD8093AA27D8B52400246C6A /* Frameworks */,
				BD8093AB27D8B52400246C6A /* Resources */,
				1C3EE9E5284CD3310079814D /* ShellScript */,
			);
			buildRules = (
			);
			dependencies = (
			);
			name = EssentialFeed;
			productName = EssentialFeed;
			productReference = BD8093AD27D8B52400246C6A /* EssentialFeed.framework */;
			productType = "com.apple.product-type.framework";
		};
		BD8093B427D8B52500246C6A /* EssentialFeedTests */ = {
			isa = PBXNativeTarget;
			buildConfigurationList = BD8093C227D8B52500246C6A /* Build configuration list for PBXNativeTarget "EssentialFeedTests" */;
			buildPhases = (
				BD8093B127D8B52500246C6A /* Sources */,
				BD8093B227D8B52500246C6A /* Frameworks */,
				BD8093B327D8B52500246C6A /* Resources */,
				1C3EE9E6284CD3520079814D /* ShellScript */,
			);
			buildRules = (
			);
			dependencies = (
				BD8093B827D8B52500246C6A /* PBXTargetDependency */,
			);
			name = EssentialFeedTests;
			productName = EssentialFeedTests;
			productReference = BD8093B527D8B52500246C6A /* EssentialFeedTests.xctest */;
			productType = "com.apple.product-type.bundle.unit-test";
		};
/* End PBXNativeTarget section */

/* Begin PBXProject section */
		BD8093A427D8B52400246C6A /* Project object */ = {
			isa = PBXProject;
			attributes = {
				BuildIndependentTargetsInParallel = 1;
				LastSwiftUpdateCheck = 1320;
				LastUpgradeCheck = 1430;
				TargetAttributes = {
					1C61F11627E1F67900E2F9B4 = {
						CreatedOnToolsVersion = 13.2.1;
					};
					BD8093AC27D8B52400246C6A = {
						CreatedOnToolsVersion = 13.2.1;
					};
					BD8093B427D8B52500246C6A = {
						CreatedOnToolsVersion = 13.2.1;
					};
				};
			};
			buildConfigurationList = BD8093A727D8B52400246C6A /* Build configuration list for PBXProject "EssentialFeed" */;
			compatibilityVersion = "Xcode 13.0";
			developmentRegion = en;
			hasScannedForEncodings = 0;
			knownRegions = (
				en,
				Base,
			);
			mainGroup = BD8093A327D8B52400246C6A;
			productRefGroup = BD8093AE27D8B52400246C6A /* Products */;
			projectDirPath = "";
			projectRoot = "";
			targets = (
				BD8093AC27D8B52400246C6A /* EssentialFeed */,
				BD8093B427D8B52500246C6A /* EssentialFeedTests */,
				1C61F11627E1F67900E2F9B4 /* EssentialFeedAPIEndToEndTests */,
			);
		};
/* End PBXProject section */

/* Begin PBXResourcesBuildPhase section */
		1C61F11527E1F67900E2F9B4 /* Resources */ = {
			isa = PBXResourcesBuildPhase;
			buildActionMask = 2147483647;
			files = (
			);
			runOnlyForDeploymentPostprocessing = 0;
		};
		BD8093AB27D8B52400246C6A /* Resources */ = {
			isa = PBXResourcesBuildPhase;
			buildActionMask = 2147483647;
			files = (
				BD8093D827D8B54B00246C6A /* RemoteWithLocalFallbackService_v1.png in Resources */,
				1CB2463E284CBAAE001A036A /* Architecture_v3.png in Resources */,
				BD8093D927D8B54B00246C6A /* PayloadContract.png in Resources */,
			);
			runOnlyForDeploymentPostprocessing = 0;
		};
		BD8093B327D8B52500246C6A /* Resources */ = {
			isa = PBXResourcesBuildPhase;
			buildActionMask = 2147483647;
			files = (
			);
			runOnlyForDeploymentPostprocessing = 0;
		};
/* End PBXResourcesBuildPhase section */

/* Begin PBXShellScriptBuildPhase section */
		1C3EE9E5284CD3310079814D /* ShellScript */ = {
			isa = PBXShellScriptBuildPhase;
			alwaysOutOfDate = 1;
			buildActionMask = 12;
			files = (
			);
			inputFileListPaths = (
			);
			inputPaths = (
			);
			outputFileListPaths = (
			);
			outputPaths = (
			);
			runOnlyForDeploymentPostprocessing = 0;
			shellPath = /bin/sh;
			shellScript = "# Type a script or drag a script file from your workspace to insert its path.\nxattr -cr ~/Library/Developer/Xcode/DerivedData || echo Clear\n\n";
		};
		1C3EE9E6284CD3520079814D /* ShellScript */ = {
			isa = PBXShellScriptBuildPhase;
			alwaysOutOfDate = 1;
			buildActionMask = 12;
			files = (
			);
			inputFileListPaths = (
			);
			inputPaths = (
			);
			outputFileListPaths = (
			);
			outputPaths = (
			);
			runOnlyForDeploymentPostprocessing = 0;
			shellPath = /bin/sh;
			shellScript = "# Type a script or drag a script file from your workspace to insert its path.\nxattr -cr ~/Library/Developer/Xcode/DerivedData || echo Clear\n\n";
		};
		1C3EE9E7284CD35A0079814D /* ShellScript */ = {
			isa = PBXShellScriptBuildPhase;
			alwaysOutOfDate = 1;
			buildActionMask = 12;
			files = (
			);
			inputFileListPaths = (
			);
			inputPaths = (
			);
			outputFileListPaths = (
			);
			outputPaths = (
			);
			runOnlyForDeploymentPostprocessing = 0;
			shellPath = /bin/sh;
			shellScript = "# Type a script or drag a script file from your workspace to insert its path.\nxattr -cr ~/Library/Developer/Xcode/DerivedData || echo Clear\n\n";
		};
/* End PBXShellScriptBuildPhase section */

/* Begin PBXSourcesBuildPhase section */
		1C61F11327E1F67900E2F9B4 /* Sources */ = {
			isa = PBXSourcesBuildPhase;
			buildActionMask = 2147483647;
			files = (
				1C61F12227E20E4F00E2F9B4 /* XCTestCase+MemoryTracker.swift in Sources */,
				1C61F11A27E1F67900E2F9B4 /* EssentialFeedAPIEndToEndTests.swift in Sources */,
			);
			runOnlyForDeploymentPostprocessing = 0;
		};
		BD8093A927D8B52400246C6A /* Sources */ = {
			isa = PBXSourcesBuildPhase;
			buildActionMask = 2147483647;
			files = (
				BD8093D327D8B54B00246C6A /* HTTPClient.swift in Sources */,
				BD8093D427D8B54B00246C6A /* RemoteFeedLoader.swift in Sources */,
				BD8093D527D8B54B00246C6A /* FeedLoader.swift in Sources */,
				1CA7DDE02AC8616600CEB746 /* FeedCachePolicy.swift in Sources */,
				1C85581A2843C580002AD32A /* FeedStore.swift in Sources */,
				1CB2463A284CAF93001A036A /* LocalFeedImage.swift in Sources */,
				1C8558182843C505002AD32A /* LocalFeedLoader.swift in Sources */,
				1CB2463C284CB39F001A036A /* RemoteFeedItem.swift in Sources */,
				BD8093D627D8B54B00246C6A /* FeedImage.swift in Sources */,
				BD8093D227D8B54B00246C6A /* FeedItemsMapper.swift in Sources */,
				1C61F11227E1D52500E2F9B4 /* URLSessionHTTPClient.swift in Sources */,
			);
			runOnlyForDeploymentPostprocessing = 0;
		};
		BD8093B127D8B52500246C6A /* Sources */ = {
			isa = PBXSourcesBuildPhase;
			buildActionMask = 2147483647;
			files = (
				1CBAEF2D2AD3D3DE004E2C7F /* CodableFeedStoreTests.swift in Sources */,
				1CA7DDDA2AC5907800CEB746 /* ValidateFeedCacheUseCaseTests.swift in Sources */,
				BD8093E127D90AC900246C6A /* XCTestCase+MemoryTracker.swift in Sources */,
				BD8093DE27D8B55500246C6A /* URLSessionHTTPClientTests.swift in Sources */,
				1C3EE9EC284CF4AE0079814D /* FeedStoreSpy.swift in Sources */,
				1CA7DDDC2AC824EC00CEB746 /* FeedCacheTestHelper.swift in Sources */,
				1CA7DDDE2AC826EB00CEB746 /* SharedTestHelpers.swift in Sources */,
				1C855815283D31A1002AD32A /* CacheFeedUseCaseTests.swift in Sources */,
				1C3EE9EE284CF4C30079814D /* LoadFeedFromCacheUseCaseTests.swift in Sources */,
				1C855812283D3046002AD32A /* LoadFeedFromRemoteUseCaseTests.swift in Sources */,
			);
			runOnlyForDeploymentPostprocessing = 0;
		};
/* End PBXSourcesBuildPhase section */

/* Begin PBXTargetDependency section */
		1C61F11D27E1F67900E2F9B4 /* PBXTargetDependency */ = {
			isa = PBXTargetDependency;
			target = BD8093AC27D8B52400246C6A /* EssentialFeed */;
			targetProxy = 1C61F11C27E1F67900E2F9B4 /* PBXContainerItemProxy */;
		};
		BD8093B827D8B52500246C6A /* PBXTargetDependency */ = {
			isa = PBXTargetDependency;
			target = BD8093AC27D8B52400246C6A /* EssentialFeed */;
			targetProxy = BD8093B727D8B52500246C6A /* PBXContainerItemProxy */;
		};
/* End PBXTargetDependency section */

/* Begin XCBuildConfiguration section */
		1C61F11F27E1F67900E2F9B4 /* Debug */ = {
			isa = XCBuildConfiguration;
			buildSettings = {
				CODE_SIGN_IDENTITY = "Apple Development";
				CODE_SIGN_STYLE = Automatic;
				CURRENT_PROJECT_VERSION = 1;
				DEAD_CODE_STRIPPING = YES;
				DEVELOPMENT_TEAM = T9PFC79BG2;
				GENERATE_INFOPLIST_FILE = YES;
				MARKETING_VERSION = 1.0;
				PRODUCT_BUNDLE_IDENTIFIER = Personal.EssentialFeedAPIEndToEndTests;
				PRODUCT_NAME = "$(TARGET_NAME)";
				PROVISIONING_PROFILE_SPECIFIER = "";
				SWIFT_EMIT_LOC_STRINGS = NO;
				SWIFT_VERSION = 5.0;
			};
			name = Debug;
		};
		1C61F12027E1F67900E2F9B4 /* Release */ = {
			isa = XCBuildConfiguration;
			buildSettings = {
				CODE_SIGN_IDENTITY = "Apple Development";
				CODE_SIGN_STYLE = Automatic;
				CURRENT_PROJECT_VERSION = 1;
				DEAD_CODE_STRIPPING = YES;
				DEVELOPMENT_TEAM = T9PFC79BG2;
				GENERATE_INFOPLIST_FILE = YES;
				MARKETING_VERSION = 1.0;
				PRODUCT_BUNDLE_IDENTIFIER = Personal.EssentialFeedAPIEndToEndTests;
				PRODUCT_NAME = "$(TARGET_NAME)";
				PROVISIONING_PROFILE_SPECIFIER = "";
				SWIFT_EMIT_LOC_STRINGS = NO;
				SWIFT_VERSION = 5.0;
			};
			name = Release;
		};
		BD8093BD27D8B52500246C6A /* Debug */ = {
			isa = XCBuildConfiguration;
			buildSettings = {
				ALWAYS_SEARCH_USER_PATHS = NO;
				CLANG_ANALYZER_NONNULL = YES;
				CLANG_ANALYZER_NUMBER_OBJECT_CONVERSION = YES_AGGRESSIVE;
				CLANG_CXX_LANGUAGE_STANDARD = "gnu++17";
				CLANG_CXX_LIBRARY = "libc++";
				CLANG_ENABLE_MODULES = YES;
				CLANG_ENABLE_OBJC_ARC = YES;
				CLANG_ENABLE_OBJC_WEAK = YES;
				CLANG_WARN_BLOCK_CAPTURE_AUTORELEASING = YES;
				CLANG_WARN_BOOL_CONVERSION = YES;
				CLANG_WARN_COMMA = YES;
				CLANG_WARN_CONSTANT_CONVERSION = YES;
				CLANG_WARN_DEPRECATED_OBJC_IMPLEMENTATIONS = YES;
				CLANG_WARN_DIRECT_OBJC_ISA_USAGE = YES_ERROR;
				CLANG_WARN_DOCUMENTATION_COMMENTS = YES;
				CLANG_WARN_EMPTY_BODY = YES;
				CLANG_WARN_ENUM_CONVERSION = YES;
				CLANG_WARN_INFINITE_RECURSION = YES;
				CLANG_WARN_INT_CONVERSION = YES;
				CLANG_WARN_NON_LITERAL_NULL_CONVERSION = YES;
				CLANG_WARN_OBJC_IMPLICIT_RETAIN_SELF = YES;
				CLANG_WARN_OBJC_LITERAL_CONVERSION = YES;
				CLANG_WARN_OBJC_ROOT_CLASS = YES_ERROR;
				CLANG_WARN_QUOTED_INCLUDE_IN_FRAMEWORK_HEADER = YES;
				CLANG_WARN_RANGE_LOOP_ANALYSIS = YES;
				CLANG_WARN_STRICT_PROTOTYPES = YES;
				CLANG_WARN_SUSPICIOUS_MOVE = YES;
				CLANG_WARN_UNGUARDED_AVAILABILITY = YES_AGGRESSIVE;
				CLANG_WARN_UNREACHABLE_CODE = YES;
				CLANG_WARN__DUPLICATE_METHOD_MATCH = YES;
				COPY_PHASE_STRIP = NO;
				CURRENT_PROJECT_VERSION = 1;
				DEAD_CODE_STRIPPING = YES;
				DEBUG_INFORMATION_FORMAT = dwarf;
				ENABLE_STRICT_OBJC_MSGSEND = YES;
				ENABLE_TESTABILITY = YES;
				GCC_C_LANGUAGE_STANDARD = gnu11;
				GCC_DYNAMIC_NO_PIC = NO;
				GCC_NO_COMMON_BLOCKS = YES;
				GCC_OPTIMIZATION_LEVEL = 0;
				GCC_PREPROCESSOR_DEFINITIONS = (
					"DEBUG=1",
					"$(inherited)",
				);
				GCC_WARN_64_TO_32_BIT_CONVERSION = YES;
				GCC_WARN_ABOUT_RETURN_TYPE = YES_ERROR;
				GCC_WARN_UNDECLARED_SELECTOR = YES;
				GCC_WARN_UNINITIALIZED_AUTOS = YES_AGGRESSIVE;
				GCC_WARN_UNUSED_FUNCTION = YES;
				GCC_WARN_UNUSED_VARIABLE = YES;
				MACOSX_DEPLOYMENT_TARGET = 11.5;
				MTL_ENABLE_DEBUG_INFO = INCLUDE_SOURCE;
				MTL_FAST_MATH = YES;
				ONLY_ACTIVE_ARCH = YES;
				SDKROOT = macosx;
				SWIFT_ACTIVE_COMPILATION_CONDITIONS = DEBUG;
				SWIFT_OPTIMIZATION_LEVEL = "-Onone";
				VERSIONING_SYSTEM = "apple-generic";
				VERSION_INFO_PREFIX = "";
			};
			name = Debug;
		};
		BD8093BE27D8B52500246C6A /* Release */ = {
			isa = XCBuildConfiguration;
			buildSettings = {
				ALWAYS_SEARCH_USER_PATHS = NO;
				CLANG_ANALYZER_NONNULL = YES;
				CLANG_ANALYZER_NUMBER_OBJECT_CONVERSION = YES_AGGRESSIVE;
				CLANG_CXX_LANGUAGE_STANDARD = "gnu++17";
				CLANG_CXX_LIBRARY = "libc++";
				CLANG_ENABLE_MODULES = YES;
				CLANG_ENABLE_OBJC_ARC = YES;
				CLANG_ENABLE_OBJC_WEAK = YES;
				CLANG_WARN_BLOCK_CAPTURE_AUTORELEASING = YES;
				CLANG_WARN_BOOL_CONVERSION = YES;
				CLANG_WARN_COMMA = YES;
				CLANG_WARN_CONSTANT_CONVERSION = YES;
				CLANG_WARN_DEPRECATED_OBJC_IMPLEMENTATIONS = YES;
				CLANG_WARN_DIRECT_OBJC_ISA_USAGE = YES_ERROR;
				CLANG_WARN_DOCUMENTATION_COMMENTS = YES;
				CLANG_WARN_EMPTY_BODY = YES;
				CLANG_WARN_ENUM_CONVERSION = YES;
				CLANG_WARN_INFINITE_RECURSION = YES;
				CLANG_WARN_INT_CONVERSION = YES;
				CLANG_WARN_NON_LITERAL_NULL_CONVERSION = YES;
				CLANG_WARN_OBJC_IMPLICIT_RETAIN_SELF = YES;
				CLANG_WARN_OBJC_LITERAL_CONVERSION = YES;
				CLANG_WARN_OBJC_ROOT_CLASS = YES_ERROR;
				CLANG_WARN_QUOTED_INCLUDE_IN_FRAMEWORK_HEADER = YES;
				CLANG_WARN_RANGE_LOOP_ANALYSIS = YES;
				CLANG_WARN_STRICT_PROTOTYPES = YES;
				CLANG_WARN_SUSPICIOUS_MOVE = YES;
				CLANG_WARN_UNGUARDED_AVAILABILITY = YES_AGGRESSIVE;
				CLANG_WARN_UNREACHABLE_CODE = YES;
				CLANG_WARN__DUPLICATE_METHOD_MATCH = YES;
				COPY_PHASE_STRIP = NO;
				CURRENT_PROJECT_VERSION = 1;
				DEAD_CODE_STRIPPING = YES;
				DEBUG_INFORMATION_FORMAT = "dwarf-with-dsym";
				ENABLE_NS_ASSERTIONS = NO;
				ENABLE_STRICT_OBJC_MSGSEND = YES;
				GCC_C_LANGUAGE_STANDARD = gnu11;
				GCC_NO_COMMON_BLOCKS = YES;
				GCC_WARN_64_TO_32_BIT_CONVERSION = YES;
				GCC_WARN_ABOUT_RETURN_TYPE = YES_ERROR;
				GCC_WARN_UNDECLARED_SELECTOR = YES;
				GCC_WARN_UNINITIALIZED_AUTOS = YES_AGGRESSIVE;
				GCC_WARN_UNUSED_FUNCTION = YES;
				GCC_WARN_UNUSED_VARIABLE = YES;
				MACOSX_DEPLOYMENT_TARGET = 11.5;
				MTL_ENABLE_DEBUG_INFO = NO;
				MTL_FAST_MATH = YES;
				SDKROOT = macosx;
				SWIFT_COMPILATION_MODE = wholemodule;
				SWIFT_OPTIMIZATION_LEVEL = "-O";
				VERSIONING_SYSTEM = "apple-generic";
				VERSION_INFO_PREFIX = "";
			};
			name = Release;
		};
		BD8093C027D8B52500246C6A /* Debug */ = {
			isa = XCBuildConfiguration;
			buildSettings = {
				CODE_SIGN_STYLE = Manual;
				COMBINE_HIDPI_IMAGES = YES;
				CURRENT_PROJECT_VERSION = 1;
				DEAD_CODE_STRIPPING = YES;
				DEFINES_MODULE = YES;
				DEVELOPMENT_TEAM = "";
				DYLIB_COMPATIBILITY_VERSION = 1;
				DYLIB_CURRENT_VERSION = 1;
				DYLIB_INSTALL_NAME_BASE = "@rpath";
				ENABLE_MODULE_VERIFIER = YES;
				GENERATE_INFOPLIST_FILE = YES;
				INFOPLIST_KEY_NSHumanReadableCopyright = "";
				INSTALL_PATH = "$(LOCAL_LIBRARY_DIR)/Frameworks";
				LD_RUNPATH_SEARCH_PATHS = (
					"$(inherited)",
					"@executable_path/../Frameworks",
					"@loader_path/Frameworks",
				);
				MACOSX_DEPLOYMENT_TARGET = 11.5;
				MARKETING_VERSION = 1.0;
				MODULE_VERIFIER_SUPPORTED_LANGUAGES = "objective-c objective-c++";
				MODULE_VERIFIER_SUPPORTED_LANGUAGE_STANDARDS = "gnu11 gnu++17";
				PRODUCT_BUNDLE_IDENTIFIER = com.Dell.EssentialFeed;
				PRODUCT_NAME = "$(TARGET_NAME:c99extidentifier)";
				PROVISIONING_PROFILE_SPECIFIER = "";
				SKIP_INSTALL = YES;
				SWIFT_EMIT_LOC_STRINGS = YES;
				SWIFT_VERSION = 5.0;
			};
			name = Debug;
		};
		BD8093C127D8B52500246C6A /* Release */ = {
			isa = XCBuildConfiguration;
			buildSettings = {
				CODE_SIGN_STYLE = Manual;
				COMBINE_HIDPI_IMAGES = YES;
				CURRENT_PROJECT_VERSION = 1;
				DEAD_CODE_STRIPPING = YES;
				DEFINES_MODULE = YES;
				DEVELOPMENT_TEAM = "";
				DYLIB_COMPATIBILITY_VERSION = 1;
				DYLIB_CURRENT_VERSION = 1;
				DYLIB_INSTALL_NAME_BASE = "@rpath";
				ENABLE_MODULE_VERIFIER = YES;
				GENERATE_INFOPLIST_FILE = YES;
				INFOPLIST_KEY_NSHumanReadableCopyright = "";
				INSTALL_PATH = "$(LOCAL_LIBRARY_DIR)/Frameworks";
				LD_RUNPATH_SEARCH_PATHS = (
					"$(inherited)",
					"@executable_path/../Frameworks",
					"@loader_path/Frameworks",
				);
				MACOSX_DEPLOYMENT_TARGET = 11.5;
				MARKETING_VERSION = 1.0;
				MODULE_VERIFIER_SUPPORTED_LANGUAGES = "objective-c objective-c++";
				MODULE_VERIFIER_SUPPORTED_LANGUAGE_STANDARDS = "gnu11 gnu++17";
				PRODUCT_BUNDLE_IDENTIFIER = com.Dell.EssentialFeed;
				PRODUCT_NAME = "$(TARGET_NAME:c99extidentifier)";
				PROVISIONING_PROFILE_SPECIFIER = "";
				SKIP_INSTALL = YES;
				SWIFT_EMIT_LOC_STRINGS = YES;
				SWIFT_VERSION = 5.0;
			};
			name = Release;
		};
		BD8093C327D8B52500246C6A /* Debug */ = {
			isa = XCBuildConfiguration;
			buildSettings = {
				ALWAYS_EMBED_SWIFT_STANDARD_LIBRARIES = YES;
				CODE_SIGN_IDENTITY = "Apple Development";
				CODE_SIGN_STYLE = Automatic;
				CURRENT_PROJECT_VERSION = 1;
				DEAD_CODE_STRIPPING = YES;
				DEVELOPMENT_TEAM = T9PFC79BG2;
				GENERATE_INFOPLIST_FILE = YES;
				MARKETING_VERSION = 1.0;
				PRODUCT_BUNDLE_IDENTIFIER = com.Dell.EssentialFeedTests;
				PRODUCT_NAME = "$(TARGET_NAME)";
				PROVISIONING_PROFILE_SPECIFIER = "";
				SWIFT_EMIT_LOC_STRINGS = NO;
				SWIFT_VERSION = 5.0;
			};
			name = Debug;
		};
		BD8093C427D8B52500246C6A /* Release */ = {
			isa = XCBuildConfiguration;
			buildSettings = {
				ALWAYS_EMBED_SWIFT_STANDARD_LIBRARIES = YES;
				CODE_SIGN_IDENTITY = "Apple Development";
				CODE_SIGN_STYLE = Automatic;
				CURRENT_PROJECT_VERSION = 1;
				DEAD_CODE_STRIPPING = YES;
				DEVELOPMENT_TEAM = T9PFC79BG2;
				GENERATE_INFOPLIST_FILE = YES;
				MARKETING_VERSION = 1.0;
				PRODUCT_BUNDLE_IDENTIFIER = com.Dell.EssentialFeedTests;
				PRODUCT_NAME = "$(TARGET_NAME)";
				PROVISIONING_PROFILE_SPECIFIER = "";
				SWIFT_EMIT_LOC_STRINGS = NO;
				SWIFT_VERSION = 5.0;
			};
			name = Release;
		};
/* End XCBuildConfiguration section */

/* Begin XCConfigurationList section */
		1C61F11E27E1F67900E2F9B4 /* Build configuration list for PBXNativeTarget "EssentialFeedAPIEndToEndTests" */ = {
			isa = XCConfigurationList;
			buildConfigurations = (
				1C61F11F27E1F67900E2F9B4 /* Debug */,
				1C61F12027E1F67900E2F9B4 /* Release */,
			);
			defaultConfigurationIsVisible = 0;
			defaultConfigurationName = Release;
		};
		BD8093A727D8B52400246C6A /* Build configuration list for PBXProject "EssentialFeed" */ = {
			isa = XCConfigurationList;
			buildConfigurations = (
				BD8093BD27D8B52500246C6A /* Debug */,
				BD8093BE27D8B52500246C6A /* Release */,
			);
			defaultConfigurationIsVisible = 0;
			defaultConfigurationName = Release;
		};
		BD8093BF27D8B52500246C6A /* Build configuration list for PBXNativeTarget "EssentialFeed" */ = {
			isa = XCConfigurationList;
			buildConfigurations = (
				BD8093C027D8B52500246C6A /* Debug */,
				BD8093C127D8B52500246C6A /* Release */,
			);
			defaultConfigurationIsVisible = 0;
			defaultConfigurationName = Release;
		};
		BD8093C227D8B52500246C6A /* Build configuration list for PBXNativeTarget "EssentialFeedTests" */ = {
			isa = XCConfigurationList;
			buildConfigurations = (
				BD8093C327D8B52500246C6A /* Debug */,
				BD8093C427D8B52500246C6A /* Release */,
			);
			defaultConfigurationIsVisible = 0;
			defaultConfigurationName = Release;
		};
/* End XCConfigurationList section */
	};
	rootObject = BD8093A427D8B52400246C6A /* Project object */;
}
